
Microsoft Visual Studio Solution File, Format Version 12.00
# Visual Studio Version 17
VisualStudioVersion = 17.2.32630.192
MinimumVisualStudioVersion = 10.0.40219.1
Project("{9A19103F-16F7-4668-BE54-9A1E7A4F7556}") = "F10Y.Z0002.Construction", "F10Y.Z0002.Construction\F10Y.Z0002.Construction.csproj", "{D73F47FF-FDF2-4F40-911B-9112E0BD6C93}"
EndProject
Project("{9A19103F-16F7-4668-BE54-9A1E7A4F7556}") = "F10Y.Z0002", "F10Y.Z0002\F10Y.Z0002.csproj", "{8A48EEDD-B7D9-481A-A8AA-B82EBFE2469B}"
EndProject
Project("{2150E333-8FDC-42A3-9474-1A3956D46DE8}") = "_Dependencies", "_Dependencies", "{8821773F-B10B-4BFA-8B2D-88C4EE5C1F2F}"
EndProject
Project("{9A19103F-16F7-4668-BE54-9A1E7A4F7556}") = "F10Y.T0000", "..\..\F10Y.T0000\source\F10Y.T0000\F10Y.T0000.csproj", "{1A9B9FDD-F06A-4948-9290-44D84035CF0E}"
EndProject
Project("{9A19103F-16F7-4668-BE54-9A1E7A4F7556}") = "F10Y.T0003", "..\..\F10Y.T0003\source\F10Y.T0003\F10Y.T0003.csproj", "{4F2C396E-E744-4EFB-9E2E-BB26DD8EE5C2}"
EndProject
Project("{9A19103F-16F7-4668-BE54-9A1E7A4F7556}") = "F10Y.T0011", "..\..\F10Y.T0011\source\F10Y.T0011\F10Y.T0011.csproj", "{49752838-3E5D-42E0-95C6-7C278AA6F9FB}"
EndProject
Global
	GlobalSection(NestedProjects) = preSolution
		{1A9B9FDD-F06A-4948-9290-44D84035CF0E} = {8821773F-B10B-4BFA-8B2D-88C4EE5C1F2F}
		{4F2C396E-E744-4EFB-9E2E-BB26DD8EE5C2} = {8821773F-B10B-4BFA-8B2D-88C4EE5C1F2F}
		{49752838-3E5D-42E0-95C6-7C278AA6F9FB} = {8821773F-B10B-4BFA-8B2D-88C4EE5C1F2F}
	EndGlobalSection
	GlobalSection(SolutionConfigurationPlatforms) = preSolution
		Debug|Any CPU = Debug|Any CPU
		Release|Any CPU = Release|Any CPU
	EndGlobalSection
	GlobalSection(ProjectConfigurationPlatforms) = postSolution
		{D73F47FF-FDF2-4F40-911B-9112E0BD6C93}.Debug|Any CPU.ActiveCfg = Debug|Any CPU
		{D73F47FF-FDF2-4F40-911B-9112E0BD6C93}.Debug|Any CPU.Build.0 = Debug|Any CPU
		{D73F47FF-FDF2-4F40-911B-9112E0BD6C93}.Release|Any CPU.ActiveCfg = Release|Any CPU
		{D73F47FF-FDF2-4F40-911B-9112E0BD6C93}.Release|Any CPU.Build.0 = Release|Any CPU
		{8A48EEDD-B7D9-481A-A8AA-B82EBFE2469B}.Debug|Any CPU.ActiveCfg = Debug|Any CPU
		{8A48EEDD-B7D9-481A-A8AA-B82EBFE2469B}.Debug|Any CPU.Build.0 = Debug|Any CPU
		{8A48EEDD-B7D9-481A-A8AA-B82EBFE2469B}.Release|Any CPU.ActiveCfg = Release|Any CPU
		{8A48EEDD-B7D9-481A-A8AA-B82EBFE2469B}.Release|Any CPU.Build.0 = Release|Any CPU
		{1A9B9FDD-F06A-4948-9290-44D84035CF0E}.Debug|Any CPU.ActiveCfg = Debug|Any CPU
		{1A9B9FDD-F06A-4948-9290-44D84035CF0E}.Debug|Any CPU.Build.0 = Debug|Any CPU
		{1A9B9FDD-F06A-4948-9290-44D84035CF0E}.Release|Any CPU.ActiveCfg = Release|Any CPU
		{1A9B9FDD-F06A-4948-9290-44D84035CF0E}.Release|Any CPU.Build.0 = Release|Any CPU
		{4F2C396E-E744-4EFB-9E2E-BB26DD8EE5C2}.Debug|Any CPU.ActiveCfg = Debug|Any CPU
		{4F2C396E-E744-4EFB-9E2E-BB26DD8EE5C2}.Debug|Any CPU.Build.0 = Debug|Any CPU
		{4F2C396E-E744-4EFB-9E2E-BB26DD8EE5C2}.Release|Any CPU.ActiveCfg = Release|Any CPU
		{4F2C396E-E744-4EFB-9E2E-BB26DD8EE5C2}.Release|Any CPU.Build.0 = Release|Any CPU
		{49752838-3E5D-42E0-95C6-7C278AA6F9FB}.Debug|Any CPU.ActiveCfg = Debug|Any CPU
		{49752838-3E5D-42E0-95C6-7C278AA6F9FB}.Debug|Any CPU.Build.0 = Debug|Any CPU
		{49752838-3E5D-42E0-95C6-7C278AA6F9FB}.Release|Any CPU.ActiveCfg = Release|Any CPU
		{49752838-3E5D-42E0-95C6-7C278AA6F9FB}.Release|Any CPU.Build.0 = Release|Any CPU
	EndGlobalSection
	GlobalSection(SolutionProperties) = preSolution
		HideSolutionNode = FALSE
	EndGlobalSection
	GlobalSection(ExtensibilityGlobals) = postSolution
		SolutionGuid = {D7D4150F-30DD-43FF-860D-D9A61C1B7B22}
	EndGlobalSection
EndGlobal
